
Microsoft Visual Studio Solution File, Format Version 12.00
# Visual Studio Version 17
VisualStudioVersion = 17.5.33516.290
MinimumVisualStudioVersion = 10.0.40219.1
Project("{FAE04EC0-301F-11D3-BF4B-00C04F79EFBC}") = "InverseChartAxis", "InverseChartAxis.csproj", "{13B92C46-4944-4295-B9B9-4E54DCB8D13E}"
EndProject
Global
	GlobalSection(SolutionConfigurationPlatforms) = preSolution
		Debug|Any CPU = Debug|Any CPU
		Release|Any CPU = Release|Any CPU
	EndGlobalSection
	GlobalSection(ProjectConfigurationPlatforms) = postSolution
		{13B92C46-4944-4295-B9B9-4E54DCB8D13E}.Debug|Any CPU.ActiveCfg = Debug|Any CPU
		{13B92C46-4944-4295-B9B9-4E54DCB8D13E}.Debug|Any CPU.Build.0 = Debug|Any CPU
		{13B92C46-4944-4295-B9B9-4E54DCB8D13E}.Release|Any CPU.ActiveCfg = Release|Any CPU
		{13B92C46-4944-4295-B9B9-4E54DCB8D13E}.Release|Any CPU.Build.0 = Release|Any CPU
	EndGlobalSection
	GlobalSection(SolutionProperties) = preSolution
		HideSolutionNode = FALSE
	EndGlobalSection
	GlobalSection(ExtensibilityGlobals) = postSolution
		SolutionGuid = {3E29BF7A-7EED-4C31-91C8-4BE0F67A2BD6}
	EndGlobalSection
EndGlobal
